// !$*UTF8*$!
{
	archiveVersion = 1;
	classes = {
	};
	objectVersion = 50;
	objects = {

/* Begin PBXBuildFile section */
		111DF1EA20997DD1002306B9 /* main.cpp in Sources */ = {isa = PBXBuildFile; fileRef = 111DF1E920997DD1002306B9 /* main.cpp */; };
		111DF1F520998EA0002306B9 /* CSVFileReader.cpp in Sources */ = {isa = PBXBuildFile; fileRef = 111DF1F320998EA0002306B9 /* CSVFileReader.cpp */; };
		111DF1FB20999234002306B9 /* CSVFileLineTokenizer.cpp in Sources */ = {isa = PBXBuildFile; fileRef = 111DF1F920999234002306B9 /* CSVFileLineTokenizer.cpp */; };
/* End PBXBuildFile section */

/* Begin PBXCopyFilesBuildPhase section */
		111DF1E420997DD1002306B9 /* CopyFiles */ = {
			isa = PBXCopyFilesBuildPhase;
			buildActionMask = 2147483647;
			dstPath = /usr/share/man/man1/;
			dstSubfolderSpec = 0;
			files = (
			);
			runOnlyForDeploymentPostprocessing = 1;
		};
/* End PBXCopyFilesBuildPhase section */

/* Begin PBXFileReference section */
		111DF1E620997DD1002306B9 /* test_ReadCSV */ = {isa = PBXFileReference; explicitFileType = "compiled.mach-o.executable"; includeInIndex = 0; path = test_ReadCSV; sourceTree = BUILT_PRODUCTS_DIR; };
		111DF1E920997DD1002306B9 /* main.cpp */ = {isa = PBXFileReference; lastKnownFileType = sourcecode.cpp.cpp; path = main.cpp; sourceTree = "<group>"; };
		111DF1F02099804C002306B9 /* starbucks_us_locations_test.csv */ = {isa = PBXFileReference; fileEncoding = 4; lastKnownFileType = text; path = starbucks_us_locations_test.csv; sourceTree = "<group>"; };
		111DF1F1209987BF002306B9 /* starbucks_us_locations.csv */ = {isa = PBXFileReference; fileEncoding = 4; lastKnownFileType = text; path = starbucks_us_locations.csv; sourceTree = "<group>"; };
		111DF1F2209987BF002306B9 /* starbucks_us_locations_original.csv */ = {isa = PBXFileReference; fileEncoding = 4; lastKnownFileType = text; path = starbucks_us_locations_original.csv; sourceTree = "<group>"; };
		111DF1F320998EA0002306B9 /* CSVFileReader.cpp */ = {isa = PBXFileReference; lastKnownFileType = sourcecode.cpp.cpp; path = CSVFileReader.cpp; sourceTree = "<group>"; };
		111DF1F420998EA0002306B9 /* CSVFileReader.hpp */ = {isa = PBXFileReference; lastKnownFileType = sourcecode.cpp.h; path = CSVFileReader.hpp; sourceTree = "<group>"; };
		111DF1F720998EB9002306B9 /* CSVFileReaderListener.hpp */ = {isa = PBXFileReference; lastKnownFileType = sourcecode.cpp.h; path = CSVFileReaderListener.hpp; sourceTree = "<group>"; };
		111DF1F920999234002306B9 /* CSVFileLineTokenizer.cpp */ = {isa = PBXFileReference; lastKnownFileType = sourcecode.cpp.cpp; path = CSVFileLineTokenizer.cpp; sourceTree = "<group>"; };
		111DF1FA20999234002306B9 /* CSVFileLineTokenizer.hpp */ = {isa = PBXFileReference; lastKnownFileType = sourcecode.cpp.h; path = CSVFileLineTokenizer.hpp; sourceTree = "<group>"; };
/* End PBXFileReference section */

/* Begin PBXFrameworksBuildPhase section */
		111DF1E320997DD1002306B9 /* Frameworks */ = {
			isa = PBXFrameworksBuildPhase;
			buildActionMask = 2147483647;
			files = (
			);
			runOnlyForDeploymentPostprocessing = 0;
		};
/* End PBXFrameworksBuildPhase section */

/* Begin PBXGroup section */
		111DF1DD20997DD1002306B9 = {
			isa = PBXGroup;
			children = (
				111DF1E820997DD1002306B9 /* test_ReadCSV */,
				111DF1E720997DD1002306B9 /* Products */,
			);
			sourceTree = "<group>";
		};
		111DF1E720997DD1002306B9 /* Products */ = {
			isa = PBXGroup;
			children = (
				111DF1E620997DD1002306B9 /* test_ReadCSV */,
			);
			name = Products;
			sourceTree = "<group>";
		};
		111DF1E820997DD1002306B9 /* test_ReadCSV */ = {
			isa = PBXGroup;
			children = (
				111DF1F2209987BF002306B9 /* starbucks_us_locations_original.csv */,
				111DF1F1209987BF002306B9 /* starbucks_us_locations.csv */,
				111DF1F02099804C002306B9 /* starbucks_us_locations_test.csv */,
				111DF1E920997DD1002306B9 /* main.cpp */,
				111DF1F320998EA0002306B9 /* CSVFileReader.cpp */,
				111DF1F420998EA0002306B9 /* CSVFileReader.hpp */,
				111DF1F720998EB9002306B9 /* CSVFileReaderListener.hpp */,
				111DF1F920999234002306B9 /* CSVFileLineTokenizer.cpp */,
				111DF1FA20999234002306B9 /* CSVFileLineTokenizer.hpp */,
			);
			path = test_ReadCSV;
			sourceTree = "<group>";
		};
/* End PBXGroup section */

/* Begin PBXNativeTarget section */
		111DF1E520997DD1002306B9 /* test_ReadCSV */ = {
			isa = PBXNativeTarget;
			buildConfigurationList = 111DF1ED20997DD1002306B9 /* Build configuration list for PBXNativeTarget "test_ReadCSV" */;
			buildPhases = (
				111DF1E220997DD1002306B9 /* Sources */,
				111DF1E320997DD1002306B9 /* Frameworks */,
				111DF1E420997DD1002306B9 /* CopyFiles */,
			);
			buildRules = (
			);
			dependencies = (
			);
			name = test_ReadCSV;
			productName = test_ReadCSV;
			productReference = 111DF1E620997DD1002306B9 /* test_ReadCSV */;
			productType = "com.apple.product-type.tool";
		};
/* End PBXNativeTarget section */

/* Begin PBXProject section */
		111DF1DE20997DD1002306B9 /* Project object */ = {
			isa = PBXProject;
			attributes = {
				LastUpgradeCheck = 0930;
				ORGANIZATIONNAME = "Virendra Shakya";
				TargetAttributes = {
					111DF1E520997DD1002306B9 = {
						CreatedOnToolsVersion = 9.3;
					};
				};
			};
			buildConfigurationList = 111DF1E120997DD1002306B9 /* Build configuration list for PBXProject "test_ReadCSV" */;
			compatibilityVersion = "Xcode 9.3";
			developmentRegion = en;
			hasScannedForEncodings = 0;
			knownRegions = (
				en,
			);
			mainGroup = 111DF1DD20997DD1002306B9;
			productRefGroup = 111DF1E720997DD1002306B9 /* Products */;
			projectDirPath = "";
			projectRoot = "";
			targets = (
				111DF1E520997DD1002306B9 /* test_ReadCSV */,
			);
		};
/* End PBXProject section */

/* Begin PBXSourcesBuildPhase section */
		111DF1E220997DD1002306B9 /* Sources */ = {
			isa = PBXSourcesBuildPhase;
			buildActionMask = 2147483647;
			files = (
				111DF1EA20997DD1002306B9 /* main.cpp in Sources */,
				111DF1F520998EA0002306B9 /* CSVFileReader.cpp in Sources */,
				111DF1FB20999234002306B9 /* CSVFileLineTokenizer.cpp in Sources */,
			);
			runOnlyForDeploymentPostprocessing = 0;
		};
/* End PBXSourcesBuildPhase section */

/* Begin XCBuildConfiguration section */
		111DF1EB20997DD1002306B9 /* Debug */ = {
			isa = XCBuildConfiguration;
			buildSettings = {
				ALWAYS_SEARCH_USER_PATHS = NO;
				CLANG_ANALYZER_NONNULL = YES;
				CLANG_ANALYZER_NUMBER_OBJECT_CONVERSION = YES_AGGRESSIVE;
				CLANG_CXX_LANGUAGE_STANDARD = "gnu++14";
				CLANG_CXX_LIBRARY = "libc++";
				CLANG_ENABLE_MODULES = YES;
				CLANG_ENABLE_OBJC_ARC = YES;
				CLANG_ENABLE_OBJC_WEAK = YES;
				CLANG_WARN_BLOCK_CAPTURE_AUTORELEASING = YES;
				CLANG_WARN_BOOL_CONVERSION = YES;
				CLANG_WARN_COMMA = YES;
				CLANG_WARN_CONSTANT_CONVERSION = YES;
				CLANG_WARN_DEPRECATED_OBJC_IMPLEMENTATIONS = YES;
				CLANG_WARN_DIRECT_OBJC_ISA_USAGE = YES_ERROR;
				CLANG_WARN_DOCUMENTATION_COMMENTS = YES;
				CLANG_WARN_EMPTY_BODY = YES;
				CLANG_WARN_ENUM_CONVERSION = YES;
				CLANG_WARN_INFINITE_RECURSION = YES;
				CLANG_WARN_INT_CONVERSION = YES;
				CLANG_WARN_NON_LITERAL_NULL_CONVERSION = YES;
				CLANG_WARN_OBJC_IMPLICIT_RETAIN_SELF = YES;
				CLANG_WARN_OBJC_LITERAL_CONVERSION = YES;
				CLANG_WARN_OBJC_ROOT_CLASS = YES_ERROR;
				CLANG_WARN_RANGE_LOOP_ANALYSIS = YES;
				CLANG_WARN_STRICT_PROTOTYPES = YES;
				CLANG_WARN_SUSPICIOUS_MOVE = YES;
				CLANG_WARN_UNGUARDED_AVAILABILITY = YES_AGGRESSIVE;
				CLANG_WARN_UNREACHABLE_CODE = YES;
				CLANG_WARN__DUPLICATE_METHOD_MATCH = YES;
				CODE_SIGN_IDENTITY = "Mac Developer";
				COPY_PHASE_STRIP = NO;
				DEBUG_INFORMATION_FORMAT = dwarf;
				ENABLE_STRICT_OBJC_MSGSEND = YES;
				ENABLE_TESTABILITY = YES;
				GCC_C_LANGUAGE_STANDARD = gnu11;
				GCC_DYNAMIC_NO_PIC = NO;
				GCC_NO_COMMON_BLOCKS = YES;
				GCC_OPTIMIZATION_LEVEL = 0;
				GCC_PREPROCESSOR_DEFINITIONS = (
					"DEBUG=1",
					"$(inherited)",
				);
				GCC_WARN_64_TO_32_BIT_CONVERSION = YES;
				GCC_WARN_ABOUT_RETURN_TYPE = YES_ERROR;
				GCC_WARN_UNDECLARED_SELECTOR = YES;
				GCC_WARN_UNINITIALIZED_AUTOS = YES_AGGRESSIVE;
				GCC_WARN_UNUSED_FUNCTION = YES;
				GCC_WARN_UNUSED_VARIABLE = YES;
				MACOSX_DEPLOYMENT_TARGET = 10.13;
				MTL_ENABLE_DEBUG_INFO = YES;
				ONLY_ACTIVE_ARCH = YES;
				SDKROOT = macosx;
			};
			name = Debug;
		};
		111DF1EC20997DD1002306B9 /* Release */ = {
			isa = XCBuildConfiguration;
			buildSettings = {
				ALWAYS_SEARCH_USER_PATHS = NO;
				CLANG_ANALYZER_NONNULL = YES;
				CLANG_ANALYZER_NUMBER_OBJECT_CONVERSION = YES_AGGRESSIVE;
				CLANG_CXX_LANGUAGE_STANDARD = "gnu++14";
				CLANG_CXX_LIBRARY = "libc++";
				CLANG_ENABLE_MODULES = YES;
				CLANG_ENABLE_OBJC_ARC = YES;
				CLANG_ENABLE_OBJC_WEAK = YES;
				CLANG_WARN_BLOCK_CAPTURE_AUTORELEASING = YES;
				CLANG_WARN_BOOL_CONVERSION = YES;
				CLANG_WARN_COMMA = YES;
				CLANG_WARN_CONSTANT_CONVERSION = YES;
				CLANG_WARN_DEPRECATED_OBJC_IMPLEMENTATIONS = YES;
				CLANG_WARN_DIRECT_OBJC_ISA_USAGE = YES_ERROR;
				CLANG_WARN_DOCUMENTATION_COMMENTS = YES;
				CLANG_WARN_EMPTY_BODY = YES;
				CLANG_WARN_ENUM_CONVERSION = YES;
				CLANG_WARN_INFINITE_RECURSION = YES;
				CLANG_WARN_INT_CONVERSION = YES;
				CLANG_WARN_NON_LITERAL_NULL_CONVERSION = YES;
				CLANG_WARN_OBJC_IMPLICIT_RETAIN_SELF = YES;
				CLANG_WARN_OBJC_LITERAL_CONVERSION = YES;
				CLANG_WARN_OBJC_ROOT_CLASS = YES_ERROR;
				CLANG_WARN_RANGE_LOOP_ANALYSIS = YES;
				CLANG_WARN_STRICT_PROTOTYPES = YES;
				CLANG_WARN_SUSPICIOUS_MOVE = YES;
				CLANG_WARN_UNGUARDED_AVAILABILITY = YES_AGGRESSIVE;
				CLANG_WARN_UNREACHABLE_CODE = YES;
				CLANG_WARN__DUPLICATE_METHOD_MATCH = YES;
				CODE_SIGN_IDENTITY = "Mac Developer";
				COPY_PHASE_STRIP = NO;
				DEBUG_INFORMATION_FORMAT = "dwarf-with-dsym";
				ENABLE_NS_ASSERTIONS = NO;
				ENABLE_STRICT_OBJC_MSGSEND = YES;
				GCC_C_LANGUAGE_STANDARD = gnu11;
				GCC_NO_COMMON_BLOCKS = YES;
				GCC_WARN_64_TO_32_BIT_CONVERSION = YES;
				GCC_WARN_ABOUT_RETURN_TYPE = YES_ERROR;
				GCC_WARN_UNDECLARED_SELECTOR = YES;
				GCC_WARN_UNINITIALIZED_AUTOS = YES_AGGRESSIVE;
				GCC_WARN_UNUSED_FUNCTION = YES;
				GCC_WARN_UNUSED_VARIABLE = YES;
				MACOSX_DEPLOYMENT_TARGET = 10.13;
				MTL_ENABLE_DEBUG_INFO = NO;
				SDKROOT = macosx;
			};
			name = Release;
		};
		111DF1EE20997DD1002306B9 /* Debug */ = {
			isa = XCBuildConfiguration;
			buildSettings = {
				CODE_SIGN_STYLE = Automatic;
				DEVELOPMENT_TEAM = F38H382JLK;
				PRODUCT_NAME = "$(TARGET_NAME)";
			};
			name = Debug;
		};
		111DF1EF20997DD1002306B9 /* Release */ = {
			isa = XCBuildConfiguration;
			buildSettings = {
				CODE_SIGN_STYLE = Automatic;
				DEVELOPMENT_TEAM = F38H382JLK;
				PRODUCT_NAME = "$(TARGET_NAME)";
			};
			name = Release;
		};
/* End XCBuildConfiguration section */

/* Begin XCConfigurationList section */
		111DF1E120997DD1002306B9 /* Build configuration list for PBXProject "test_ReadCSV" */ = {
			isa = XCConfigurationList;
			buildConfigurations = (
				111DF1EB20997DD1002306B9 /* Debug */,
				111DF1EC20997DD1002306B9 /* Release */,
			);
			defaultConfigurationIsVisible = 0;
			defaultConfigurationName = Release;
		};
		111DF1ED20997DD1002306B9 /* Build configuration list for PBXNativeTarget "test_ReadCSV" */ = {
			isa = XCConfigurationList;
			buildConfigurations = (
				111DF1EE20997DD1002306B9 /* Debug */,
				111DF1EF20997DD1002306B9 /* Release */,
			);
			defaultConfigurationIsVisible = 0;
			defaultConfigurationName = Release;
		};
/* End XCConfigurationList section */
	};
	rootObject = 111DF1DE20997DD1002306B9 /* Project object */;
}
